{
  "version": 4,
  "terraform_version": "1.0.11",
  "serial": 1211,
  "lineage": "78c03383-47ef-2cd9-130b-0fd58c8de929",
  "outputs": {
    "jenkins_public_ip": {
      "value": "18.119.125.61",
      "type": "string"
    }
  },
  "resources": [
    {
      "module": "module.network",
      "mode": "managed",
      "type": "aws_internet_gateway",
      "name": "utopia_gateway",
      "provider": "provider[\"registry.terraform.io/hashicorp/aws\"]",
      "instances": [
        {
          "schema_version": 0,
          "attributes": {
            "arn": "arn:aws:ec2:us-east-2:902316339693:internet-gateway/igw-0b20eec1d92da0331",
            "id": "igw-0b20eec1d92da0331",
            "owner_id": "902316339693",
            "tags": {
              "Name": "AP_TF_GT"
            },
            "tags_all": {
              "Name": "AP_TF_GT"
            },
            "vpc_id": "vpc-093cdc09ba532aa39"
          },
          "sensitive_attributes": [],
          "private": "bnVsbA==",
          "dependencies": [
            "module.network.aws_vpc.utopia_vpc"
          ]
        }
      ]
    },
    {
      "module": "module.network",
      "mode": "managed",
      "type": "aws_route_table",
      "name": "public_rt",
      "provider": "provider[\"registry.terraform.io/hashicorp/aws\"]",
      "instances": [
        {
          "index_key": 0,
          "schema_version": 0,
          "attributes": {
            "arn": "arn:aws:ec2:us-east-2:902316339693:route-table/rtb-02cdee6142ec399dd",
            "id": "rtb-02cdee6142ec399dd",
            "owner_id": "902316339693",
            "propagating_vgws": [],
            "route": [
              {
                "carrier_gateway_id": "",
                "cidr_block": "0.0.0.0/0",
                "destination_prefix_list_id": "",
                "egress_only_gateway_id": "",
                "gateway_id": "igw-0b20eec1d92da0331",
                "instance_id": "",
                "ipv6_cidr_block": "",
                "local_gateway_id": "",
                "nat_gateway_id": "",
                "network_interface_id": "",
                "transit_gateway_id": "",
                "vpc_endpoint_id": "",
                "vpc_peering_connection_id": ""
              }
            ],
            "tags": {
              "Name": "AP_TF_BastionRouteTable"
            },
            "tags_all": {
              "Name": "AP_TF_BastionRouteTable"
            },
            "timeouts": null,
            "vpc_id": "vpc-093cdc09ba532aa39"
          },
          "sensitive_attributes": [],
          "private": "eyJlMmJmYjczMC1lY2FhLTExZTYtOGY4OC0zNDM2M2JjN2M0YzAiOnsiY3JlYXRlIjozMDAwMDAwMDAwMDAsImRlbGV0ZSI6MzAwMDAwMDAwMDAwLCJ1cGRhdGUiOjEyMDAwMDAwMDAwMH19",
          "dependencies": [
            "module.network.aws_internet_gateway.utopia_gateway",
            "module.network.aws_vpc.utopia_vpc"
          ]
        },
        {
          "index_key": 1,
          "schema_version": 0,
          "attributes": {
            "arn": "arn:aws:ec2:us-east-2:902316339693:route-table/rtb-07454aed68c209718",
            "id": "rtb-07454aed68c209718",
            "owner_id": "902316339693",
            "propagating_vgws": [],
            "route": [
              {
                "carrier_gateway_id": "",
                "cidr_block": "0.0.0.0/0",
                "destination_prefix_list_id": "",
                "egress_only_gateway_id": "",
                "gateway_id": "igw-0b20eec1d92da0331",
                "instance_id": "",
                "ipv6_cidr_block": "",
                "local_gateway_id": "",
                "nat_gateway_id": "",
                "network_interface_id": "",
                "transit_gateway_id": "",
                "vpc_endpoint_id": "",
                "vpc_peering_connection_id": ""
              }
            ],
            "tags": {
              "Name": "AP_TF_BastionRouteTable"
            },
            "tags_all": {
              "Name": "AP_TF_BastionRouteTable"
            },
            "timeouts": null,
            "vpc_id": "vpc-093cdc09ba532aa39"
          },
          "sensitive_attributes": [],
          "private": "eyJlMmJmYjczMC1lY2FhLTExZTYtOGY4OC0zNDM2M2JjN2M0YzAiOnsiY3JlYXRlIjozMDAwMDAwMDAwMDAsImRlbGV0ZSI6MzAwMDAwMDAwMDAwLCJ1cGRhdGUiOjEyMDAwMDAwMDAwMH19",
          "dependencies": [
            "module.network.aws_internet_gateway.utopia_gateway",
            "module.network.aws_vpc.utopia_vpc"
          ]
        }
      ]
    },
    {
      "module": "module.network",
      "mode": "managed",
      "type": "aws_route_table_association",
      "name": "public_rt_assoc",
      "provider": "provider[\"registry.terraform.io/hashicorp/aws\"]",
      "instances": [
        {
          "index_key": 0,
          "schema_version": 0,
          "attributes": {
            "gateway_id": "",
            "id": "rtbassoc-0345708378ce091bc",
            "route_table_id": "rtb-02cdee6142ec399dd",
            "subnet_id": "subnet-0261348d3625af2fb"
          },
          "sensitive_attributes": [],
          "private": "bnVsbA==",
          "dependencies": [
            "module.network.aws_internet_gateway.utopia_gateway",
            "module.network.aws_route_table.public_rt",
            "module.network.aws_subnet.public_subnet",
            "module.network.aws_vpc.utopia_vpc"
          ]
        },
        {
          "index_key": 1,
          "schema_version": 0,
          "attributes": {
            "gateway_id": "",
            "id": "rtbassoc-0dc2fb6def27cccea",
            "route_table_id": "rtb-07454aed68c209718",
            "subnet_id": "subnet-009885ae7f4175079"
          },
          "sensitive_attributes": [],
          "private": "bnVsbA==",
          "dependencies": [
            "module.network.aws_internet_gateway.utopia_gateway",
            "module.network.aws_route_table.public_rt",
            "module.network.aws_subnet.public_subnet",
            "module.network.aws_vpc.utopia_vpc"
          ]
        }
      ]
    },
    {
      "module": "module.network",
      "mode": "managed",
      "type": "aws_subnet",
      "name": "private_subnet",
      "provider": "provider[\"registry.terraform.io/hashicorp/aws\"]",
      "instances": [
        {
          "schema_version": 1,
          "attributes": {
            "arn": "arn:aws:ec2:us-east-2:902316339693:subnet/subnet-0c4de9e238578a836",
            "assign_ipv6_address_on_creation": false,
            "availability_zone": "us-east-2a",
            "availability_zone_id": "use2-az1",
            "cidr_block": "10.0.3.0/24",
            "customer_owned_ipv4_pool": "",
            "id": "subnet-0c4de9e238578a836",
            "ipv6_cidr_block": "",
            "ipv6_cidr_block_association_id": "",
            "map_customer_owned_ip_on_launch": false,
            "map_public_ip_on_launch": false,
            "outpost_arn": "",
            "owner_id": "902316339693",
            "tags": {
              "Name": "AP_TF_PrivateSubnet"
            },
            "tags_all": {
              "Name": "AP_TF_PrivateSubnet"
            },
            "timeouts": null,
            "vpc_id": "vpc-093cdc09ba532aa39"
          },
          "sensitive_attributes": [],
          "private": "eyJlMmJmYjczMC1lY2FhLTExZTYtOGY4OC0zNDM2M2JjN2M0YzAiOnsiY3JlYXRlIjo2MDAwMDAwMDAwMDAsImRlbGV0ZSI6MTIwMDAwMDAwMDAwMH0sInNjaGVtYV92ZXJzaW9uIjoiMSJ9",
          "dependencies": [
            "module.network.aws_vpc.utopia_vpc"
          ]
        }
      ]
    },
    {
      "module": "module.network",
      "mode": "managed",
      "type": "aws_subnet",
      "name": "public_subnet",
      "provider": "provider[\"registry.terraform.io/hashicorp/aws\"]",
      "instances": [
        {
          "index_key": 0,
          "schema_version": 1,
          "attributes": {
            "arn": "arn:aws:ec2:us-east-2:902316339693:subnet/subnet-0261348d3625af2fb",
            "assign_ipv6_address_on_creation": false,
            "availability_zone": "us-east-2a",
            "availability_zone_id": "use2-az1",
            "cidr_block": "10.0.1.0/24",
            "customer_owned_ipv4_pool": "",
            "id": "subnet-0261348d3625af2fb",
            "ipv6_cidr_block": "",
            "ipv6_cidr_block_association_id": "",
            "map_customer_owned_ip_on_launch": false,
            "map_public_ip_on_launch": true,
            "outpost_arn": "",
            "owner_id": "902316339693",
            "tags": {
              "Name": "AP_TF_PublicSubnet"
            },
            "tags_all": {
              "Name": "AP_TF_PublicSubnet"
            },
            "timeouts": null,
            "vpc_id": "vpc-093cdc09ba532aa39"
          },
          "sensitive_attributes": [],
          "private": "eyJlMmJmYjczMC1lY2FhLTExZTYtOGY4OC0zNDM2M2JjN2M0YzAiOnsiY3JlYXRlIjo2MDAwMDAwMDAwMDAsImRlbGV0ZSI6MTIwMDAwMDAwMDAwMH0sInNjaGVtYV92ZXJzaW9uIjoiMSJ9",
          "dependencies": [
            "module.network.aws_vpc.utopia_vpc"
          ]
        },
        {
          "index_key": 1,
          "schema_version": 1,
          "attributes": {
            "arn": "arn:aws:ec2:us-east-2:902316339693:subnet/subnet-009885ae7f4175079",
            "assign_ipv6_address_on_creation": false,
            "availability_zone": "us-east-2b",
            "availability_zone_id": "use2-az2",
            "cidr_block": "10.0.2.0/24",
            "customer_owned_ipv4_pool": "",
            "id": "subnet-009885ae7f4175079",
            "ipv6_cidr_block": "",
            "ipv6_cidr_block_association_id": "",
            "map_customer_owned_ip_on_launch": false,
            "map_public_ip_on_launch": true,
            "outpost_arn": "",
            "owner_id": "902316339693",
            "tags": {
              "Name": "AP_TF_PublicSubnet"
            },
            "tags_all": {
              "Name": "AP_TF_PublicSubnet"
            },
            "timeouts": null,
            "vpc_id": "vpc-093cdc09ba532aa39"
          },
          "sensitive_attributes": [],
          "private": "eyJlMmJmYjczMC1lY2FhLTExZTYtOGY4OC0zNDM2M2JjN2M0YzAiOnsiY3JlYXRlIjo2MDAwMDAwMDAwMDAsImRlbGV0ZSI6MTIwMDAwMDAwMDAwMH0sInNjaGVtYV92ZXJzaW9uIjoiMSJ9",
          "dependencies": [
            "module.network.aws_vpc.utopia_vpc"
          ]
        }
      ]
    },
    {
      "module": "module.network",
      "mode": "managed",
      "type": "aws_vpc",
      "name": "utopia_vpc",
      "provider": "provider[\"registry.terraform.io/hashicorp/aws\"]",
      "instances": [
        {
          "schema_version": 1,
          "attributes": {
            "arn": "arn:aws:ec2:us-east-2:902316339693:vpc/vpc-093cdc09ba532aa39",
            "assign_generated_ipv6_cidr_block": false,
            "cidr_block": "10.0.0.0/16",
            "default_network_acl_id": "acl-01a6dd159b8ebd7b9",
            "default_route_table_id": "rtb-095de673b7cb60b0b",
            "default_security_group_id": "sg-0d6b50adc288a5c7b",
            "dhcp_options_id": "dopt-00a769e81a563d410",
            "enable_classiclink": null,
            "enable_classiclink_dns_support": null,
            "enable_dns_hostnames": false,
            "enable_dns_support": true,
            "id": "vpc-093cdc09ba532aa39",
            "instance_tenancy": "default",
            "ipv4_ipam_pool_id": null,
            "ipv4_netmask_length": null,
            "ipv6_association_id": "",
            "ipv6_cidr_block": "",
            "ipv6_ipam_pool_id": null,
            "ipv6_netmask_length": null,
            "main_route_table_id": "rtb-095de673b7cb60b0b",
            "owner_id": "902316339693",
            "tags": {
              "Name": "AP_TF_VPC"
            },
            "tags_all": {
              "Name": "AP_TF_VPC"
            }
          },
          "sensitive_attributes": [],
          "private": "eyJzY2hlbWFfdmVyc2lvbiI6IjEifQ=="
        }
      ]
    },
    {
      "module": "module.public",
      "mode": "managed",
      "type": "aws_iam_instance_profile",
      "name": "jenkins",
      "provider": "provider[\"registry.terraform.io/hashicorp/aws\"]",
      "instances": [
        {
          "schema_version": 0,
          "attributes": {
            "arn": "arn:aws:iam::902316339693:instance-profile/terraform-20220130032132412400000001",
            "create_date": "2022-01-30T03:21:31Z",
            "id": "terraform-20220130032132412400000001",
            "name": "terraform-20220130032132412400000001",
            "name_prefix": null,
            "path": "/",
            "role": "jenkins",
            "tags": null,
            "tags_all": {},
            "unique_id": "AIPA5EFR6WHWUYADFLMRY"
          },
          "sensitive_attributes": [],
          "private": "bnVsbA==",
          "dependencies": [
            "module.public.aws_iam_role.jenkins"
          ]
        }
      ]
    },
    {
      "module": "module.public",
      "mode": "managed",
      "type": "aws_iam_role",
      "name": "jenkins",
      "provider": "provider[\"registry.terraform.io/hashicorp/aws\"]",
      "instances": [
        {
          "schema_version": 0,
          "attributes": {
            "arn": "arn:aws:iam::902316339693:role/jenkins",
            "assume_role_policy": "{\"Version\":\"2012-10-17\",\"Statement\":[{\"Sid\":\"\",\"Effect\":\"Allow\",\"Principal\":{\"Service\":\"ec2.amazonaws.com\"},\"Action\":\"sts:AssumeRole\"}]}",
            "create_date": "2022-01-30T03:21:30Z",
            "description": "",
            "force_detach_policies": false,
            "id": "jenkins",
            "inline_policy": [
              {
                "name": "",
                "policy": ""
              }
            ],
            "managed_policy_arns": [],
            "max_session_duration": 3600,
            "name": "jenkins",
            "name_prefix": "",
            "path": "/",
            "permissions_boundary": null,
            "tags": null,
            "tags_all": {},
            "unique_id": "AROA5EFR6WHWTR5266ZIJ"
          },
          "sensitive_attributes": [],
          "private": "bnVsbA=="
        }
      ]
    },
    {
      "module": "module.public",
      "mode": "managed",
      "type": "aws_iam_role_policy",
      "name": "jenkins",
      "provider": "provider[\"registry.terraform.io/hashicorp/aws\"]",
      "instances": [
        {
          "schema_version": 0,
          "attributes": {
            "id": "jenkins:jenkins",
            "name": "jenkins",
            "name_prefix": null,
            "policy": "{\"Statement\":[{\"Action\":[\"s3:*\"],\"Effect\":\"Allow\",\"Resource\":\"*\"},{\"Action\":[\"sns:Publish\"],\"Effect\":\"Allow\",\"Resource\":\"*\"}]}",
            "role": "jenkins"
          },
          "sensitive_attributes": [],
          "private": "bnVsbA==",
          "dependencies": [
            "module.public.aws_iam_role.jenkins"
          ]
        }
      ]
    },
    {
      "module": "module.public",
      "mode": "managed",
      "type": "aws_instance",
      "name": "jenkins",
      "provider": "provider[\"registry.terraform.io/hashicorp/aws\"]",
      "instances": [
        {
          "index_key": 0,
          "schema_version": 1,
          "attributes": {
            "ami": "ami-002068ed284fb165b",
            "arn": "arn:aws:ec2:us-east-2:902316339693:instance/i-054469aaf68009759",
            "associate_public_ip_address": true,
            "availability_zone": "us-east-2a",
            "capacity_reservation_specification": [
              {
                "capacity_reservation_preference": "open",
                "capacity_reservation_target": []
              }
            ],
            "cpu_core_count": 1,
            "cpu_threads_per_core": 1,
            "credit_specification": [
              {
                "cpu_credits": "standard"
              }
            ],
            "disable_api_termination": false,
            "ebs_block_device": [],
            "ebs_optimized": false,
            "enclave_options": [
              {
                "enabled": false
              }
            ],
            "ephemeral_block_device": [],
            "get_password_data": false,
            "hibernation": false,
            "host_id": null,
            "iam_instance_profile": "terraform-20220130032132412400000001",
            "id": "i-054469aaf68009759",
            "instance_initiated_shutdown_behavior": "stop",
            "instance_state": "running",
            "instance_type": "t2.micro",
            "ipv6_address_count": 0,
            "ipv6_addresses": [],
            "key_name": "terraform",
            "launch_template": [],
            "metadata_options": [
              {
                "http_endpoint": "enabled",
                "http_put_response_hop_limit": 1,
                "http_tokens": "optional"
              }
            ],
            "monitoring": false,
            "network_interface": [
              {
                "delete_on_termination": false,
                "device_index": 0,
                "network_interface_id": "eni-0cc8f33126123126e"
              }
            ],
            "outpost_arn": "",
            "password_data": "",
            "placement_group": "",
            "placement_partition_number": null,
            "primary_network_interface_id": "eni-0cc8f33126123126e",
            "private_dns": "ip-10-0-1-13.us-east-2.compute.internal",
            "private_ip": "10.0.1.13",
            "public_dns": "",
            "public_ip": "18.119.125.61",
            "root_block_device": [
              {
                "delete_on_termination": true,
                "device_name": "/dev/xvda",
                "encrypted": false,
                "iops": 100,
                "kms_key_id": "",
                "tags": {},
                "throughput": 0,
                "volume_id": "vol-0e940d7b6089d9c9a",
                "volume_size": 8,
                "volume_type": "gp2"
              }
            ],
            "secondary_private_ips": [],
            "security_groups": [],
            "source_dest_check": true,
            "subnet_id": "subnet-0261348d3625af2fb",
            "tags": {
              "Name": "AP_TF_Jenkins"
            },
            "tags_all": {
              "Name": "AP_TF_Jenkins"
            },
            "tenancy": "default",
            "timeouts": null,
            "user_data": "517de853110789f033107ffb0a9b7d3f0918e9d1",
            "user_data_base64": null,
            "volume_tags": null,
            "vpc_security_group_ids": [
              "sg-0c8a8f1e0ed382c8f"
            ]
          },
          "sensitive_attributes": [
            [
              {
                "type": "get_attr",
                "value": "user_data"
              }
            ]
          ],
          "private": "eyJlMmJmYjczMC1lY2FhLTExZTYtOGY4OC0zNDM2M2JjN2M0YzAiOnsiY3JlYXRlIjo2MDAwMDAwMDAwMDAsImRlbGV0ZSI6MTIwMDAwMDAwMDAwMCwidXBkYXRlIjo2MDAwMDAwMDAwMDB9LCJzY2hlbWFfdmVyc2lvbiI6IjEifQ==",
          "dependencies": [
            "module.network.aws_subnet.public_subnet",
            "module.network.aws_vpc.utopia_vpc",
            "module.public.aws_iam_instance_profile.jenkins",
            "module.public.aws_iam_role.jenkins",
            "module.public.aws_iam_role_policy.jenkins",
            "module.public.aws_network_interface.jenkins",
            "module.public.aws_security_group.jenkins"
          ]
        }
      ]
    },
    {
      "module": "module.public",
      "mode": "managed",
      "type": "aws_network_interface",
      "name": "jenkins",
      "provider": "provider[\"registry.terraform.io/hashicorp/aws\"]",
      "instances": [
        {
          "index_key": 0,
          "schema_version": 0,
          "attributes": {
            "arn": "arn:aws:ec2:us-east-2:902316339693:network-interface/eni-0cc8f33126123126e",
            "attachment": [],
            "description": "",
            "id": "eni-0cc8f33126123126e",
            "interface_type": "interface",
            "ipv4_prefix_count": 0,
            "ipv4_prefixes": [],
            "ipv6_address_count": 0,
            "ipv6_addresses": [],
            "ipv6_prefix_count": 0,
            "ipv6_prefixes": [],
            "mac_address": "02:fb:ae:d0:fd:58",
            "outpost_arn": "",
            "owner_id": "902316339693",
            "private_dns_name": "",
            "private_ip": "10.0.1.13",
            "private_ips": [
              "10.0.1.13"
            ],
            "private_ips_count": 0,
            "security_groups": [
              "sg-0c8a8f1e0ed382c8f"
            ],
            "source_dest_check": true,
            "subnet_id": "subnet-0261348d3625af2fb",
            "tags": {
              "Name": "AP_TF_JenkinsNIC"
            },
            "tags_all": {
              "Name": "AP_TF_JenkinsNIC"
            }
          },
          "sensitive_attributes": [],
          "private": "bnVsbA==",
          "dependencies": [
            "module.network.aws_subnet.public_subnet",
            "module.network.aws_vpc.utopia_vpc",
            "module.public.aws_security_group.jenkins"
          ]
        }
      ]
    },
    {
      "module": "module.public",
      "mode": "managed",
      "type": "aws_s3_bucket",
      "name": "jenkins_config",
      "provider": "provider[\"registry.terraform.io/hashicorp/aws\"]",
      "instances": [
        {
          "schema_version": 0,
          "attributes": {
            "acceleration_status": "",
            "acl": "private",
            "arn": "arn:aws:s3:::tf-ap-jenkins-config",
            "bucket": "tf-ap-jenkins-config",
            "bucket_domain_name": "tf-ap-jenkins-config.s3.amazonaws.com",
            "bucket_prefix": null,
            "bucket_regional_domain_name": "tf-ap-jenkins-config.s3.us-east-2.amazonaws.com",
            "cors_rule": [],
            "force_destroy": false,
            "grant": [],
            "hosted_zone_id": "Z2O1EMRO9K5GLX",
            "id": "tf-ap-jenkins-config",
            "lifecycle_rule": [],
            "logging": [],
            "object_lock_configuration": [],
            "policy": null,
            "region": "us-east-2",
            "replication_configuration": [],
            "request_payer": "BucketOwner",
            "server_side_encryption_configuration": [],
            "tags": null,
            "tags_all": {},
            "versioning": [
              {
                "enabled": false,
                "mfa_delete": false
              }
            ],
            "website": [],
            "website_domain": null,
            "website_endpoint": null
          },
          "sensitive_attributes": [],
          "private": "bnVsbA=="
        }
      ]
    },
    {
      "module": "module.public",
      "mode": "managed",
      "type": "aws_s3_bucket_object",
      "name": "jenkins_jobs",
      "provider": "provider[\"registry.terraform.io/hashicorp/aws\"]",
      "instances": [
        {
          "index_key": "bookings_pipeline_XML",
          "schema_version": 0,
          "attributes": {
            "acl": "private",
            "bucket": "tf-ap-jenkins-config",
            "bucket_key_enabled": false,
            "cache_control": "",
            "content": "\u003c?xml version='1.1' encoding='UTF-8'?\u003e\r\n\u003cflow-definition plugin=\"workflow-job@1145.v7f2433caa07f\"\u003e\r\n    \u003cactions\u003e\r\n        \u003corg.jenkinsci.plugins.pipeline.modeldefinition.actions.DeclarativeJobAction plugin=\"pipeline-model-definition@1.9.3\"/\u003e\r\n        \u003corg.jenkinsci.plugins.pipeline.modeldefinition.actions.DeclarativeJobPropertyTrackerAction plugin=\"pipeline-model-definition@1.9.3\"\u003e\r\n            \u003cjobProperties/\u003e\r\n            \u003ctriggers/\u003e\r\n            \u003cparameters/\u003e\r\n            \u003coptions/\u003e\r\n        \u003c/org.jenkinsci.plugins.pipeline.modeldefinition.actions.DeclarativeJobPropertyTrackerAction\u003e\r\n    \u003c/actions\u003e\r\n    \u003cdescription\u003eJenkins pipeline for the https://github.com/Heads-in-the-Cloud/bookings-microservice-AP.git Microservice.\u003c/description\u003e\r\n    \u003ckeepDependencies\u003efalse\u003c/keepDependencies\u003e\r\n    \u003cproperties\u003e\r\n        \u003corg.jenkinsci.plugins.workflow.job.properties.PipelineTriggersJobProperty\u003e\r\n            \u003ctriggers\u003e\r\n                \u003ccom.cloudbees.jenkins.GitHubPushTrigger plugin=\"github@1.34.1\"\u003e\r\n                    \u003cspec\u003e\u003c/spec\u003e\r\n                \u003c/com.cloudbees.jenkins.GitHubPushTrigger\u003e\r\n            \u003c/triggers\u003e\r\n        \u003c/org.jenkinsci.plugins.workflow.job.properties.PipelineTriggersJobProperty\u003e\r\n    \u003c/properties\u003e\r\n    \u003cdefinition class=\"org.jenkinsci.plugins.workflow.cps.CpsScmFlowDefinition\" plugin=\"workflow-cps@2648.va9433432b33c\"\u003e\r\n        \u003cscm class=\"hudson.plugins.git.GitSCM\" plugin=\"git@4.10.1\"\u003e\r\n            \u003cconfigVersion\u003e2\u003c/configVersion\u003e\r\n            \u003cuserRemoteConfigs\u003e\r\n                \u003chudson.plugins.git.UserRemoteConfig\u003e\r\n                    \u003curl\u003ehttps://github.com/Heads-in-the-Cloud/bookings-microservice-AP.git\u003c/url\u003e\r\n                \u003c/hudson.plugins.git.UserRemoteConfig\u003e\r\n            \u003c/userRemoteConfigs\u003e\r\n            \u003cbranches\u003e\r\n                \u003chudson.plugins.git.BranchSpec\u003e\r\n                    \u003cname\u003e*/dev\u003c/name\u003e\r\n                \u003c/hudson.plugins.git.BranchSpec\u003e\r\n            \u003c/branches\u003e\r\n            \u003cdoGenerateSubmoduleConfigurations\u003efalse\u003c/doGenerateSubmoduleConfigurations\u003e\r\n            \u003csubmoduleCfg class=\"empty-list\"/\u003e\r\n            \u003cextensions/\u003e\r\n        \u003c/scm\u003e\r\n        \u003cscriptPath\u003eJenkinsfile\u003c/scriptPath\u003e\r\n        \u003clightweight\u003etrue\u003c/lightweight\u003e\r\n    \u003c/definition\u003e\r\n    \u003ctriggers/\u003e\r\n    \u003cdisabled\u003efalse\u003c/disabled\u003e\r\n\u003c/flow-definition\u003e",
            "content_base64": null,
            "content_disposition": "",
            "content_encoding": "",
            "content_language": "",
            "content_type": "binary/octet-stream",
            "etag": "0d1798f8ddbfe50148b1bbd57b29d83e",
            "force_destroy": false,
            "id": "bookings_pipeline_XML",
            "key": "bookings_pipeline_XML",
            "kms_key_id": null,
            "metadata": null,
            "object_lock_legal_hold_status": "",
            "object_lock_mode": "",
            "object_lock_retain_until_date": "",
            "server_side_encryption": "",
            "source": null,
            "source_hash": null,
            "storage_class": "STANDARD",
            "tags": null,
            "tags_all": {},
            "version_id": "",
            "website_redirect": ""
          },
          "sensitive_attributes": [],
          "private": "bnVsbA==",
          "dependencies": [
            "module.public.aws_s3_bucket.jenkins_config"
          ]
        },
        {
          "index_key": "ecs_deploy_XML",
          "schema_version": 0,
          "attributes": {
            "acl": "private",
            "bucket": "tf-ap-jenkins-config",
            "bucket_key_enabled": false,
            "cache_control": "",
            "content": "\u003c?xml version='1.1' encoding='UTF-8'?\u003e\r\n\u003cflow-definition plugin=\"workflow-job@1145.v7f2433caa07f\"\u003e\r\n    \u003cactions\u003e\r\n        \u003corg.jenkinsci.plugins.pipeline.modeldefinition.actions.DeclarativeJobAction plugin=\"pipeline-model-definition@1.9.3\"/\u003e\r\n        \u003corg.jenkinsci.plugins.pipeline.modeldefinition.actions.DeclarativeJobPropertyTrackerAction plugin=\"pipeline-model-definition@1.9.3\"\u003e\r\n            \u003cjobProperties/\u003e\r\n            \u003ctriggers/\u003e\r\n            \u003cparameters/\u003e\r\n            \u003coptions/\u003e\r\n        \u003c/org.jenkinsci.plugins.pipeline.modeldefinition.actions.DeclarativeJobPropertyTrackerAction\u003e\r\n    \u003c/actions\u003e\r\n    \u003cdescription\u003eJenkins pipeline for the https://github.com/Heads-in-the-Cloud/devops-AP.git Microservice.\u003c/description\u003e\r\n    \u003ckeepDependencies\u003efalse\u003c/keepDependencies\u003e\r\n    \u003cproperties\u003e\r\n        \u003corg.jenkinsci.plugins.workflow.job.properties.PipelineTriggersJobProperty\u003e\r\n            \u003ctriggers\u003e\r\n                \u003ccom.cloudbees.jenkins.GitHubPushTrigger plugin=\"github@1.34.1\"\u003e\r\n                    \u003cspec\u003e\u003c/spec\u003e\r\n                \u003c/com.cloudbees.jenkins.GitHubPushTrigger\u003e\r\n            \u003c/triggers\u003e\r\n        \u003c/org.jenkinsci.plugins.workflow.job.properties.PipelineTriggersJobProperty\u003e\r\n    \u003c/properties\u003e\r\n    \u003cdefinition class=\"org.jenkinsci.plugins.workflow.cps.CpsScmFlowDefinition\" plugin=\"workflow-cps@2648.va9433432b33c\"\u003e\r\n        \u003cscm class=\"hudson.plugins.git.GitSCM\" plugin=\"git@4.10.1\"\u003e\r\n            \u003cconfigVersion\u003e2\u003c/configVersion\u003e\r\n            \u003cuserRemoteConfigs\u003e\r\n                \u003chudson.plugins.git.UserRemoteConfig\u003e\r\n                    \u003curl\u003ehttps://github.com/Heads-in-the-Cloud/devops-AP.git\u003c/url\u003e\r\n                \u003c/hudson.plugins.git.UserRemoteConfig\u003e\r\n            \u003c/userRemoteConfigs\u003e\r\n            \u003cbranches\u003e\r\n                \u003chudson.plugins.git.BranchSpec\u003e\r\n                    \u003cname\u003e*/dev\u003c/name\u003e\r\n                \u003c/hudson.plugins.git.BranchSpec\u003e\r\n            \u003c/branches\u003e\r\n            \u003cdoGenerateSubmoduleConfigurations\u003efalse\u003c/doGenerateSubmoduleConfigurations\u003e\r\n            \u003csubmoduleCfg class=\"empty-list\"/\u003e\r\n            \u003cextensions/\u003e\r\n        \u003c/scm\u003e\r\n        \u003cscriptPath\u003eecs-context/Jenkinsfile\u003c/scriptPath\u003e\r\n        \u003clightweight\u003etrue\u003c/lightweight\u003e\r\n    \u003c/definition\u003e\r\n    \u003ctriggers/\u003e\r\n    \u003cdisabled\u003efalse\u003c/disabled\u003e\r\n\u003c/flow-definition\u003e",
            "content_base64": null,
            "content_disposition": "",
            "content_encoding": "",
            "content_language": "",
            "content_type": "binary/octet-stream",
            "etag": "7718441c833e599043c1739dadd1db73",
            "force_destroy": false,
            "id": "ecs_deploy_XML",
            "key": "ecs_deploy_XML",
            "kms_key_id": null,
            "metadata": null,
            "object_lock_legal_hold_status": "",
            "object_lock_mode": "",
            "object_lock_retain_until_date": "",
            "server_side_encryption": "",
            "source": null,
            "source_hash": null,
            "storage_class": "STANDARD",
            "tags": null,
            "tags_all": {},
            "version_id": "",
            "website_redirect": ""
          },
          "sensitive_attributes": [],
          "private": "bnVsbA==",
          "dependencies": [
            "module.public.aws_s3_bucket.jenkins_config"
          ]
        },
        {
          "index_key": "eks_deploy_XML",
          "schema_version": 0,
          "attributes": {
            "acl": "private",
            "bucket": "tf-ap-jenkins-config",
            "bucket_key_enabled": false,
            "cache_control": "",
            "content": "\u003c?xml version='1.1' encoding='UTF-8'?\u003e\r\n\u003cflow-definition plugin=\"workflow-job@1145.v7f2433caa07f\"\u003e\r\n    \u003cactions\u003e\r\n        \u003corg.jenkinsci.plugins.pipeline.modeldefinition.actions.DeclarativeJobAction plugin=\"pipeline-model-definition@1.9.3\"/\u003e\r\n        \u003corg.jenkinsci.plugins.pipeline.modeldefinition.actions.DeclarativeJobPropertyTrackerAction plugin=\"pipeline-model-definition@1.9.3\"\u003e\r\n            \u003cjobProperties/\u003e\r\n            \u003ctriggers/\u003e\r\n            \u003cparameters/\u003e\r\n            \u003coptions/\u003e\r\n        \u003c/org.jenkinsci.plugins.pipeline.modeldefinition.actions.DeclarativeJobPropertyTrackerAction\u003e\r\n    \u003c/actions\u003e\r\n    \u003cdescription\u003eJenkins pipeline for the https://github.com/Heads-in-the-Cloud/devops-AP.git Microservice.\u003c/description\u003e\r\n    \u003ckeepDependencies\u003efalse\u003c/keepDependencies\u003e\r\n    \u003cproperties\u003e\r\n        \u003corg.jenkinsci.plugins.workflow.job.properties.PipelineTriggersJobProperty\u003e\r\n            \u003ctriggers\u003e\r\n                \u003ccom.cloudbees.jenkins.GitHubPushTrigger plugin=\"github@1.34.1\"\u003e\r\n                    \u003cspec\u003e\u003c/spec\u003e\r\n                \u003c/com.cloudbees.jenkins.GitHubPushTrigger\u003e\r\n            \u003c/triggers\u003e\r\n        \u003c/org.jenkinsci.plugins.workflow.job.properties.PipelineTriggersJobProperty\u003e\r\n    \u003c/properties\u003e\r\n    \u003cdefinition class=\"org.jenkinsci.plugins.workflow.cps.CpsScmFlowDefinition\" plugin=\"workflow-cps@2648.va9433432b33c\"\u003e\r\n        \u003cscm class=\"hudson.plugins.git.GitSCM\" plugin=\"git@4.10.1\"\u003e\r\n            \u003cconfigVersion\u003e2\u003c/configVersion\u003e\r\n            \u003cuserRemoteConfigs\u003e\r\n                \u003chudson.plugins.git.UserRemoteConfig\u003e\r\n                    \u003curl\u003ehttps://github.com/Heads-in-the-Cloud/devops-AP.git\u003c/url\u003e\r\n                \u003c/hudson.plugins.git.UserRemoteConfig\u003e\r\n            \u003c/userRemoteConfigs\u003e\r\n            \u003cbranches\u003e\r\n                \u003chudson.plugins.git.BranchSpec\u003e\r\n                    \u003cname\u003e*/dev\u003c/name\u003e\r\n                \u003c/hudson.plugins.git.BranchSpec\u003e\r\n            \u003c/branches\u003e\r\n            \u003cdoGenerateSubmoduleConfigurations\u003efalse\u003c/doGenerateSubmoduleConfigurations\u003e\r\n            \u003csubmoduleCfg class=\"empty-list\"/\u003e\r\n            \u003cextensions/\u003e\r\n        \u003c/scm\u003e\r\n        \u003cscriptPath\u003eeks-context/Jenkinsfile\u003c/scriptPath\u003e\r\n        \u003clightweight\u003etrue\u003c/lightweight\u003e\r\n    \u003c/definition\u003e\r\n    \u003ctriggers/\u003e\r\n    \u003cdisabled\u003efalse\u003c/disabled\u003e\r\n\u003c/flow-definition\u003e",
            "content_base64": null,
            "content_disposition": "",
            "content_encoding": "",
            "content_language": "",
            "content_type": "binary/octet-stream",
            "etag": "b0f032d476dab1f32fc951c93d94b849",
            "force_destroy": false,
            "id": "eks_deploy_XML",
            "key": "eks_deploy_XML",
            "kms_key_id": null,
            "metadata": null,
            "object_lock_legal_hold_status": "",
            "object_lock_mode": "",
            "object_lock_retain_until_date": "",
            "server_side_encryption": "",
            "source": null,
            "source_hash": null,
            "storage_class": "STANDARD",
            "tags": null,
            "tags_all": {},
            "version_id": "",
            "website_redirect": ""
          },
          "sensitive_attributes": [],
          "private": "bnVsbA==",
          "dependencies": [
            "module.public.aws_s3_bucket.jenkins_config"
          ]
        },
        {
          "index_key": "flights_pipeline_XML",
          "schema_version": 0,
          "attributes": {
            "acl": "private",
            "bucket": "tf-ap-jenkins-config",
            "bucket_key_enabled": false,
            "cache_control": "",
            "content": "\u003c?xml version='1.1' encoding='UTF-8'?\u003e\r\n\u003cflow-definition plugin=\"workflow-job@1145.v7f2433caa07f\"\u003e\r\n    \u003cactions\u003e\r\n        \u003corg.jenkinsci.plugins.pipeline.modeldefinition.actions.DeclarativeJobAction plugin=\"pipeline-model-definition@1.9.3\"/\u003e\r\n        \u003corg.jenkinsci.plugins.pipeline.modeldefinition.actions.DeclarativeJobPropertyTrackerAction plugin=\"pipeline-model-definition@1.9.3\"\u003e\r\n            \u003cjobProperties/\u003e\r\n            \u003ctriggers/\u003e\r\n            \u003cparameters/\u003e\r\n            \u003coptions/\u003e\r\n        \u003c/org.jenkinsci.plugins.pipeline.modeldefinition.actions.DeclarativeJobPropertyTrackerAction\u003e\r\n    \u003c/actions\u003e\r\n    \u003cdescription\u003eJenkins pipeline for the https://github.com/Heads-in-the-Cloud/flights-microservice-AP.git Microservice.\u003c/description\u003e\r\n    \u003ckeepDependencies\u003efalse\u003c/keepDependencies\u003e\r\n    \u003cproperties\u003e\r\n        \u003corg.jenkinsci.plugins.workflow.job.properties.PipelineTriggersJobProperty\u003e\r\n            \u003ctriggers\u003e\r\n                \u003ccom.cloudbees.jenkins.GitHubPushTrigger plugin=\"github@1.34.1\"\u003e\r\n                    \u003cspec\u003e\u003c/spec\u003e\r\n                \u003c/com.cloudbees.jenkins.GitHubPushTrigger\u003e\r\n            \u003c/triggers\u003e\r\n        \u003c/org.jenkinsci.plugins.workflow.job.properties.PipelineTriggersJobProperty\u003e\r\n    \u003c/properties\u003e\r\n    \u003cdefinition class=\"org.jenkinsci.plugins.workflow.cps.CpsScmFlowDefinition\" plugin=\"workflow-cps@2648.va9433432b33c\"\u003e\r\n        \u003cscm class=\"hudson.plugins.git.GitSCM\" plugin=\"git@4.10.1\"\u003e\r\n            \u003cconfigVersion\u003e2\u003c/configVersion\u003e\r\n            \u003cuserRemoteConfigs\u003e\r\n                \u003chudson.plugins.git.UserRemoteConfig\u003e\r\n                    \u003curl\u003ehttps://github.com/Heads-in-the-Cloud/flights-microservice-AP.git\u003c/url\u003e\r\n                \u003c/hudson.plugins.git.UserRemoteConfig\u003e\r\n            \u003c/userRemoteConfigs\u003e\r\n            \u003cbranches\u003e\r\n                \u003chudson.plugins.git.BranchSpec\u003e\r\n                    \u003cname\u003e*/dev\u003c/name\u003e\r\n                \u003c/hudson.plugins.git.BranchSpec\u003e\r\n            \u003c/branches\u003e\r\n            \u003cdoGenerateSubmoduleConfigurations\u003efalse\u003c/doGenerateSubmoduleConfigurations\u003e\r\n            \u003csubmoduleCfg class=\"empty-list\"/\u003e\r\n            \u003cextensions/\u003e\r\n        \u003c/scm\u003e\r\n        \u003cscriptPath\u003eJenkinsfile\u003c/scriptPath\u003e\r\n        \u003clightweight\u003etrue\u003c/lightweight\u003e\r\n    \u003c/definition\u003e\r\n    \u003ctriggers/\u003e\r\n    \u003cdisabled\u003efalse\u003c/disabled\u003e\r\n\u003c/flow-definition\u003e",
            "content_base64": null,
            "content_disposition": "",
            "content_encoding": "",
            "content_language": "",
            "content_type": "binary/octet-stream",
            "etag": "c1e438a988fd4fe8155cf1270394ed2e",
            "force_destroy": false,
            "id": "flights_pipeline_XML",
            "key": "flights_pipeline_XML",
            "kms_key_id": null,
            "metadata": null,
            "object_lock_legal_hold_status": "",
            "object_lock_mode": "",
            "object_lock_retain_until_date": "",
            "server_side_encryption": "",
            "source": null,
            "source_hash": null,
            "storage_class": "STANDARD",
            "tags": null,
            "tags_all": {},
            "version_id": "",
            "website_redirect": ""
          },
          "sensitive_attributes": [],
          "private": "bnVsbA==",
          "dependencies": [
            "module.public.aws_s3_bucket.jenkins_config"
          ]
        },
        {
          "index_key": "plugins_list",
          "schema_version": 0,
          "attributes": {
            "acl": "private",
            "bucket": "tf-ap-jenkins-config",
            "bucket_key_enabled": false,
            "cache_control": "",
            "content": "aws-java-sdk-ecr\naws-java-sdk-minimal\nbootstrap4-api\nbootstrap5-api\nbouncycastle-api\nbranch-api\nbuild-timeout\ncaffeine-api\nchecks-api\ncloudbees-folder\ncommand-launcher\nconfiguration-as-code\ncredentials\ncredentials-binding\ndisplay-url-api\ndocker-commons\ndocker-workflow\ndurable-task\nec2\necharts-api\nemail-ext\nfont-awesome-api\ngit\ngithub\ngithub-api\ngithub-branch-source\ngit-client\ngit-server\ngradle\nhandlebars\njackson2-api\njavadoc\njavax-activation-api\njavax-mail-api\njdk-tool\njjwt-api\njquery3-api\njsch\njunit\nldap\nlockable-resources\nmailer\nmatrix-auth\nmatrix-project\nmaven-plugin\nmomentjs\nnode-iterator-api\nokhttp-api\npam-auth\npipeline-build-step\npipeline-github-lib\npipeline-graph-analysis\npipeline-input-step\npipeline-milestone-step\npipeline-model-api\npipeline-model-definition\npipeline-model-extensions\npipeline-rest-api\npipeline-stage-step\npipeline-stage-tags-metadata\npipeline-stage-view\npipeline-utility-steps\nplain-credentials\nplugin-util-api\npopper2-api\npopper-api\nresource-disposer\nscm-api\nscript-security\nsnakeyaml-api\nsshd\nssh-credentials\nssh-slaves\nstructs\ntimestamper\ntoken-macro\ntrilead-api\nvariant\nworkflow-aggregator\nworkflow-api\nworkflow-basic-steps\nworkflow-cps\nworkflow-cps-global-lib\nworkflow-durable-task-step\nworkflow-job\nworkflow-multibranch\nworkflow-scm-step\nworkflow-step-api\nworkflow-support\nws-cleanup\nace-editor\namazon-ecr\nant\nantisamy-markup-formatter\napache-httpcomponents-client-4-api\nauthentication-tokens\naws-credentials\naws-java-sdk-ec2",
            "content_base64": null,
            "content_disposition": "",
            "content_encoding": "",
            "content_language": "",
            "content_type": "binary/octet-stream",
            "etag": "4ea6bd9c19b4775599c6585e83f0239b",
            "force_destroy": false,
            "id": "plugins_list",
            "key": "plugins_list",
            "kms_key_id": null,
            "metadata": null,
            "object_lock_legal_hold_status": "",
            "object_lock_mode": "",
            "object_lock_retain_until_date": "",
            "server_side_encryption": "",
            "source": null,
            "source_hash": null,
            "storage_class": "STANDARD",
            "tags": null,
            "tags_all": {},
            "version_id": "",
            "website_redirect": ""
          },
          "sensitive_attributes": [],
          "private": "bnVsbA==",
          "dependencies": [
            "module.public.aws_s3_bucket.jenkins_config"
          ]
        },
        {
          "index_key": "users_pipeline_XML",
          "schema_version": 0,
          "attributes": {
            "acl": "private",
            "bucket": "tf-ap-jenkins-config",
            "bucket_key_enabled": false,
            "cache_control": "",
            "content": "\u003c?xml version='1.1' encoding='UTF-8'?\u003e\r\n\u003cflow-definition plugin=\"workflow-job@1145.v7f2433caa07f\"\u003e\r\n    \u003cactions\u003e\r\n        \u003corg.jenkinsci.plugins.pipeline.modeldefinition.actions.DeclarativeJobAction plugin=\"pipeline-model-definition@1.9.3\"/\u003e\r\n        \u003corg.jenkinsci.plugins.pipeline.modeldefinition.actions.DeclarativeJobPropertyTrackerAction plugin=\"pipeline-model-definition@1.9.3\"\u003e\r\n            \u003cjobProperties/\u003e\r\n            \u003ctriggers/\u003e\r\n            \u003cparameters/\u003e\r\n            \u003coptions/\u003e\r\n        \u003c/org.jenkinsci.plugins.pipeline.modeldefinition.actions.DeclarativeJobPropertyTrackerAction\u003e\r\n    \u003c/actions\u003e\r\n    \u003cdescription\u003eJenkins pipeline for the https://github.com/Heads-in-the-Cloud/users-microservice-AP.git Microservice.\u003c/description\u003e\r\n    \u003ckeepDependencies\u003efalse\u003c/keepDependencies\u003e\r\n    \u003cproperties\u003e\r\n        \u003corg.jenkinsci.plugins.workflow.job.properties.PipelineTriggersJobProperty\u003e\r\n            \u003ctriggers\u003e\r\n                \u003ccom.cloudbees.jenkins.GitHubPushTrigger plugin=\"github@1.34.1\"\u003e\r\n                    \u003cspec\u003e\u003c/spec\u003e\r\n                \u003c/com.cloudbees.jenkins.GitHubPushTrigger\u003e\r\n            \u003c/triggers\u003e\r\n        \u003c/org.jenkinsci.plugins.workflow.job.properties.PipelineTriggersJobProperty\u003e\r\n    \u003c/properties\u003e\r\n    \u003cdefinition class=\"org.jenkinsci.plugins.workflow.cps.CpsScmFlowDefinition\" plugin=\"workflow-cps@2648.va9433432b33c\"\u003e\r\n        \u003cscm class=\"hudson.plugins.git.GitSCM\" plugin=\"git@4.10.1\"\u003e\r\n            \u003cconfigVersion\u003e2\u003c/configVersion\u003e\r\n            \u003cuserRemoteConfigs\u003e\r\n                \u003chudson.plugins.git.UserRemoteConfig\u003e\r\n                    \u003curl\u003ehttps://github.com/Heads-in-the-Cloud/users-microservice-AP.git\u003c/url\u003e\r\n                \u003c/hudson.plugins.git.UserRemoteConfig\u003e\r\n            \u003c/userRemoteConfigs\u003e\r\n            \u003cbranches\u003e\r\n                \u003chudson.plugins.git.BranchSpec\u003e\r\n                    \u003cname\u003e*/dev\u003c/name\u003e\r\n                \u003c/hudson.plugins.git.BranchSpec\u003e\r\n            \u003c/branches\u003e\r\n            \u003cdoGenerateSubmoduleConfigurations\u003efalse\u003c/doGenerateSubmoduleConfigurations\u003e\r\n            \u003csubmoduleCfg class=\"empty-list\"/\u003e\r\n            \u003cextensions/\u003e\r\n        \u003c/scm\u003e\r\n        \u003cscriptPath\u003eJenkinsfile\u003c/scriptPath\u003e\r\n        \u003clightweight\u003etrue\u003c/lightweight\u003e\r\n    \u003c/definition\u003e\r\n    \u003ctriggers/\u003e\r\n    \u003cdisabled\u003efalse\u003c/disabled\u003e\r\n\u003c/flow-definition\u003e",
            "content_base64": null,
            "content_disposition": "",
            "content_encoding": "",
            "content_language": "",
            "content_type": "binary/octet-stream",
            "etag": "a5c791874c9983c24625d2c685c32757",
            "force_destroy": false,
            "id": "users_pipeline_XML",
            "key": "users_pipeline_XML",
            "kms_key_id": null,
            "metadata": null,
            "object_lock_legal_hold_status": "",
            "object_lock_mode": "",
            "object_lock_retain_until_date": "",
            "server_side_encryption": "",
            "source": null,
            "source_hash": null,
            "storage_class": "STANDARD",
            "tags": null,
            "tags_all": {},
            "version_id": "",
            "website_redirect": ""
          },
          "sensitive_attributes": [],
          "private": "bnVsbA==",
          "dependencies": [
            "module.public.aws_s3_bucket.jenkins_config"
          ]
        }
      ]
    },
    {
      "module": "module.public",
      "mode": "managed",
      "type": "aws_security_group",
      "name": "jenkins",
      "provider": "provider[\"registry.terraform.io/hashicorp/aws\"]",
      "instances": [
        {
          "index_key": 0,
          "schema_version": 1,
          "attributes": {
            "arn": "arn:aws:ec2:us-east-2:902316339693:security-group/sg-0c8a8f1e0ed382c8f",
            "description": "Security group for the Jenkins server",
            "egress": [
              {
                "cidr_blocks": [
                  "0.0.0.0/0"
                ],
                "description": "",
                "from_port": 0,
                "ipv6_cidr_blocks": [
                  "::/0"
                ],
                "prefix_list_ids": [],
                "protocol": "-1",
                "security_groups": [],
                "self": false,
                "to_port": 0
              }
            ],
            "id": "sg-0c8a8f1e0ed382c8f",
            "ingress": [
              {
                "cidr_blocks": [
                  "0.0.0.0/0"
                ],
                "description": "",
                "from_port": -1,
                "ipv6_cidr_blocks": [],
                "prefix_list_ids": [],
                "protocol": "icmp",
                "security_groups": [],
                "self": false,
                "to_port": -1
              },
              {
                "cidr_blocks": [
                  "0.0.0.0/0"
                ],
                "description": "",
                "from_port": 22,
                "ipv6_cidr_blocks": [],
                "prefix_list_ids": [],
                "protocol": "tcp",
                "security_groups": [],
                "self": false,
                "to_port": 22
              },
              {
                "cidr_blocks": [
                  "0.0.0.0/0"
                ],
                "description": "",
                "from_port": 8080,
                "ipv6_cidr_blocks": [],
                "prefix_list_ids": [],
                "protocol": "tcp",
                "security_groups": [],
                "self": false,
                "to_port": 8082
              }
            ],
            "name": "Jenkins Security Group",
            "name_prefix": "",
            "owner_id": "902316339693",
            "revoke_rules_on_delete": false,
            "tags": {
              "Name": "Jenkins Security Group"
            },
            "tags_all": {
              "Name": "Jenkins Security Group"
            },
            "timeouts": null,
            "vpc_id": "vpc-093cdc09ba532aa39"
          },
          "sensitive_attributes": [],
          "private": "eyJlMmJmYjczMC1lY2FhLTExZTYtOGY4OC0zNDM2M2JjN2M0YzAiOnsiY3JlYXRlIjo2MDAwMDAwMDAwMDAsImRlbGV0ZSI6OTAwMDAwMDAwMDAwfSwic2NoZW1hX3ZlcnNpb24iOiIxIn0=",
          "dependencies": [
            "module.network.aws_vpc.utopia_vpc"
          ]
        }
      ]
    }
  ]
}
